PODS:
  - AppLovinSDK (12.5.0)
  - AppLovinYandexMobileAdsAdapters (12.5.0.1):
    - AppLovinSDK (~> 12.5.0)
    - YandexMobileAds (~> 7.1.1)
  - appmetrica_plugin (3.1.0):
    - AppMetricaAnalytics (~> 5.8)
    - Flutter
  - AppMetricaAdSupport (5.8.1):
    - AppMetricaCore (= 5.8.1)
    - AppMetricaCoreExtension (= 5.8.1)
  - AppMetricaAnalytics (5.8.1):
    - AppMetricaAdSupport (= 5.8.1)
    - AppMetricaCore (= 5.8.1)
    - AppMetricaCrashes (= 5.8.1)
    - AppMetricaWebKit (= 5.8.1)
  - AppMetricaCore (5.8.1):
    - AppMetricaCoreUtils (= 5.8.1)
    - AppMetricaEncodingUtils (= 5.8.1)
    - AppMetricaFMDB (= 5.8.1)
    - AppMetricaHostState (= 5.8.1)
    - AppMetricaLog (= 5.8.1)
    - AppMetricaNetwork (= 5.8.1)
    - AppMetricaPlatform (= 5.8.1)
    - AppMetricaProtobuf (= 5.8.1)
    - AppMetricaProtobufUtils (= 5.8.1)
    - AppMetricaStorageUtils (= 5.8.1)
  - AppMetricaCoreExtension (5.8.1):
    - AppMetricaCore (= 5.8.1)
    - AppMetricaStorageUtils (= 5.8.1)
  - AppMetricaCoreUtils (5.8.1):
    - AppMetricaLog (= 5.8.1)
  - AppMetricaCrashes (5.8.1):
    - AppMetricaCore (= 5.8.1)
    - AppMetricaCoreExtension (= 5.8.1)
    - AppMetricaCoreUtils (= 5.8.1)
    - AppMetricaEncodingUtils (= 5.8.1)
    - AppMetricaHostState (= 5.8.1)
    - AppMetricaLog (= 5.8.1)
    - AppMetricaPlatform (= 5.8.1)
    - AppMetricaProtobufUtils (= 5.8.1)
    - AppMetricaStorageUtils (= 5.8.1)
    - KSCrash/Recording (< 2.1.0, >= 2.0.0-rc.1)
  - AppMetricaEncodingUtils (5.8.1):
    - AppMetricaCoreUtils (= 5.8.1)
    - AppMetricaLog (= 5.8.1)
    - AppMetricaPlatform (= 5.8.1)
  - AppMetricaFMDB (5.8.1)
  - AppMetricaHostState (5.8.1):
    - AppMetricaCoreUtils (= 5.8.1)
    - AppMetricaLog (= 5.8.1)
  - AppMetricaLog (5.8.1)
  - AppMetricaNetwork (5.8.1):
    - AppMetricaCoreUtils (= 5.8.1)
    - AppMetricaLog (= 5.8.1)
    - AppMetricaPlatform (= 5.8.1)
  - AppMetricaPlatform (5.8.1):
    - AppMetricaCoreUtils (= 5.8.1)
    - AppMetricaLog (= 5.8.1)
  - AppMetricaProtobuf (5.8.1)
  - AppMetricaProtobufUtils (5.8.1):
    - AppMetricaProtobuf (= 5.8.1)
  - AppMetricaStorageUtils (5.8.1):
    - AppMetricaCoreUtils (= 5.8.1)
    - AppMetricaLog (= 5.8.1)
  - AppMetricaWebKit (5.8.1):
    - AppMetricaCore (= 5.8.1)
    - AppMetricaCoreUtils (= 5.8.1)
    - AppMetricaLog (= 5.8.1)
  - BigoADS (4.2.3)
  - BigoADSYandexMobileAdsAdapters (4.2.3.1):
    - BigoADS (~> 4.2.3)
    - YandexMobileAds (~> 7.1.1)
  - ChartboostSDK (9.7.0)
  - ChartboostYandexMobileAdsAdapters (9.7.0.4):
    - ChartboostSDK (~> 9.7.0)
    - YandexMobileAds (~> 7.1.1)
  - DivKit (30.2.0):
    - DivKit_LayoutKit (= 30.2.0)
    - DivKit_Serialization (= 30.2.0)
    - VGSLCommonCore (~> 5.0)
    - VGSLNetworking (~> 5.0)
  - DivKit_LayoutKit (30.2.0):
    - DivKit_LayoutKitInterface (= 30.2.0)
    - VGSLCommonCore (~> 5.0)
    - VGSLNetworking (~> 5.0)
  - DivKit_LayoutKitInterface (30.2.0):
    - VGSLBase (~> 5.0)
    - VGSLBaseTiny (~> 5.0)
    - VGSLBaseUI (~> 5.0)
  - DivKit_Serialization (30.2.0):
    - VGSLCommonCore (~> 5.0)
  - Firebase/CoreOnly (11.2.0):
    - FirebaseCore (= 11.2.0)
  - Firebase/Messaging (11.2.0):
    - Firebase/CoreOnly
    - FirebaseMessaging (~> 11.2.0)
  - firebase_core (3.6.0):
    - Firebase/CoreOnly (= 11.2.0)
    - Flutter
  - firebase_messaging (15.1.3):
    - Firebase/Messaging (= 11.2.0)
    - firebase_core
    - Flutter
  - FirebaseCore (11.2.0):
    - FirebaseCoreInternal (~> 11.0)
    - GoogleUtilities/Environment (~> 8.0)
    - GoogleUtilities/Logger (~> 8.0)
  - FirebaseCoreInternal (11.3.0):
    - "GoogleUtilities/NSData+zlib (~> 8.0)"
  - FirebaseInstallations (11.3.0):
    - FirebaseCore (~> 11.0)
    - GoogleUtilities/Environment (~> 8.0)
    - GoogleUtilities/UserDefaults (~> 8.0)
    - PromisesObjC (~> 2.4)
  - FirebaseMessaging (11.2.0):
    - FirebaseCore (~> 11.0)
    - FirebaseInstallations (~> 11.0)
    - GoogleDataTransport (~> 10.0)
    - GoogleUtilities/AppDelegateSwizzler (~> 8.0)
    - GoogleUtilities/Environment (~> 8.0)
    - GoogleUtilities/Reachability (~> 8.0)
    - GoogleUtilities/UserDefaults (~> 8.0)
    - nanopb (~> 3.30910.0)
  - Flutter (1.0.0)
  - flutter_local_notifications (0.0.1):
    - Flutter
  - Google-Mobile-Ads-SDK (11.3.0):
    - GoogleUserMessagingPlatform (>= 1.1)
  - GoogleDataTransport (10.1.0):
    - nanopb (~> 3.30910.0)
    - PromisesObjC (~> 2.4)
  - GoogleUserMessagingPlatform (2.6.0)
  - GoogleUtilities/AppDelegateSwizzler (8.0.2):
    - GoogleUtilities/Environment
    - GoogleUtilities/Logger
    - GoogleUtilities/Network
    - GoogleUtilities/Privacy
  - GoogleUtilities/Environment (8.0.2):
    - GoogleUtilities/Privacy
  - GoogleUtilities/Logger (8.0.2):
    - GoogleUtilities/Environment
    - GoogleUtilities/Privacy
  - GoogleUtilities/Network (8.0.2):
    - GoogleUtilities/Logger
    - "GoogleUtilities/NSData+zlib"
    - GoogleUtilities/Privacy
    - GoogleUtilities/Reachability
  - "GoogleUtilities/NSData+zlib (8.0.2)":
    - GoogleUtilities/Privacy
  - GoogleUtilities/Privacy (8.0.2)
  - GoogleUtilities/Reachability (8.0.2):
    - GoogleUtilities/Logger
    - GoogleUtilities/Privacy
  - GoogleUtilities/UserDefaults (8.0.2):
    - GoogleUtilities/Logger
    - GoogleUtilities/Privacy
  - GoogleYandexMobileAdsAdapters (11.3.0.1):
    - Google-Mobile-Ads-SDK (~> 11.3.0)
    - YandexMobileAds (~> 7.1.1)
  - InMobiSDK-Swift (10.5.5)
  - InMobiYandexMobileAdsAdapters (10.5.5.11):
    - InMobiSDK-Swift (~> 10.5.5)
    - YandexMobileAds (~> 7.1.1)
  - IronSourceSDK (8.1.0.0)
  - IronSourceYandexMobileAdsAdapters (8.1.0.1):
    - IronSourceSDK (~> 8.1.0.0)
    - YandexMobileAds (~> 7.1.1)
  - KSCrash/Core (2.0.0-rc.4)
  - KSCrash/Recording (2.0.0-rc.4):
    - KSCrash/RecordingCore
  - KSCrash/RecordingCore (2.0.0-rc.4):
    - KSCrash/Core
  - MintegralAdSDK (7.6.9):
    - MintegralAdSDK/BannerAd (= 7.6.9)
    - MintegralAdSDK/BidBannerAd (= 7.6.9)
    - MintegralAdSDK/BidInterstitialVideoAd (= 7.6.9)
    - MintegralAdSDK/BidNativeAd (= 7.6.9)
    - MintegralAdSDK/BidNewInterstitialAd (= 7.6.9)
    - MintegralAdSDK/BidRewardVideoAd (= 7.6.9)
    - MintegralAdSDK/InterstitialVideoAd (= 7.6.9)
    - MintegralAdSDK/NativeAd (= 7.6.9)
    - MintegralAdSDK/NewInterstitialAd (= 7.6.9)
    - MintegralAdSDK/RewardVideoAd (= 7.6.9)
  - MintegralAdSDK/BannerAd (7.6.9):
    - MintegralAdSDK/NativeAd
  - MintegralAdSDK/BidBannerAd (7.6.9):
    - MintegralAdSDK/BannerAd
    - MintegralAdSDK/BidNativeAd
  - MintegralAdSDK/BidInterstitialVideoAd (7.6.9):
    - MintegralAdSDK/BidNativeAd
    - MintegralAdSDK/InterstitialVideoAd
  - MintegralAdSDK/BidNativeAd (7.6.9):
    - MintegralAdSDK/NativeAd
  - MintegralAdSDK/BidNewInterstitialAd (7.6.9):
    - MintegralAdSDK/BidNativeAd
    - MintegralAdSDK/NewInterstitialAd
  - MintegralAdSDK/BidRewardVideoAd (7.6.9):
    - MintegralAdSDK/BidNativeAd
    - MintegralAdSDK/RewardVideoAd
  - MintegralAdSDK/InterstitialVideoAd (7.6.9):
    - MintegralAdSDK/NativeAd
  - MintegralAdSDK/NativeAd (7.6.9)
  - MintegralAdSDK/NewInterstitialAd (7.6.9):
    - MintegralAdSDK/InterstitialVideoAd
    - MintegralAdSDK/NativeAd
  - MintegralAdSDK/RewardVideoAd (7.6.9):
    - MintegralAdSDK/NativeAd
  - MintegralYandexMobileAdsAdapters (7.6.4.1):
    - MintegralAdSDK (~> 7.6.4)
    - YandexMobileAds (~> 7.1.1)
  - myTargetSDK (5.21.2):
    - myTrackerSDK (~> 3.1.1)
  - MyTargetYandexMobileAdsAdapters (5.21.2.1):
    - myTargetSDK (= 5.21.2)
    - myTrackerSDK (= 3.1.8)
    - YandexMobileAds (~> 7.1.1)
  - myTrackerSDK (3.1.8)
  - nanopb (3.30910.0):
    - nanopb/decode (= 3.30910.0)
    - nanopb/encode (= 3.30910.0)
  - nanopb/decode (3.30910.0)
  - nanopb/encode (3.30910.0)
  - package_info_plus (0.4.5):
    - Flutter
  - path_provider_foundation (0.0.1):
    - Flutter
    - FlutterMacOS
  - PromisesObjC (2.4.0)
  - share_plus (0.0.1):
    - Flutter
  - shared_preferences_foundation (0.0.1):
    - Flutter
    - FlutterMacOS
  - "sqlite3 (3.46.1+1)":
    - "sqlite3/common (= 3.46.1+1)"
  - "sqlite3/common (3.46.1+1)"
  - "sqlite3/dbstatvtab (3.46.1+1)":
    - sqlite3/common
  - "sqlite3/fts5 (3.46.1+1)":
    - sqlite3/common
  - "sqlite3/perf-threadsafe (3.46.1+1)":
    - sqlite3/common
  - "sqlite3/rtree (3.46.1+1)":
    - sqlite3/common
  - sqlite3_flutter_libs (0.0.1):
    - Flutter
    - "sqlite3 (~> 3.46.0+1)"
    - sqlite3/dbstatvtab
    - sqlite3/fts5
    - sqlite3/perf-threadsafe
    - sqlite3/rtree
  - StartAppSDK (4.10.4)
  - StartAppYandexMobileAdsAdapters (4.10.3.1):
    - StartAppSDK (~> 4.10.3)
    - YandexMobileAds (~> 7.1.1)
  - UnityAds (4.11.3)
  - UnityAdsYandexMobileAdsAdapters (4.11.3.1):
    - UnityAds (~> 4.11.3)
    - YandexMobileAds (~> 7.1.1)
  - VGSL_Fundamentals (5.1.1):
    - VGSL_Fundamentals_Tiny (= 5.1.1)
  - VGSL_Fundamentals_Tiny (5.1.1)
  - VGSLBase (5.1.1):
    - VGSL_Fundamentals (= 5.1.1)
    - VGSLBaseTiny (= 5.1.1)
    - VGSLBaseUI (= 5.1.1)
  - VGSLBaseTiny (5.1.1):
    - VGSL_Fundamentals_Tiny (= 5.1.1)
  - VGSLBaseUI (5.1.1):
    - VGSLBaseTiny (= 5.1.1)
  - VGSLCommonCore (5.1.1):
    - VGSLBase (= 5.1.1)
  - VGSLNetworking (5.1.1):
    - VGSLBase (= 5.1.1)
  - VungleAds (7.3.2)
  - VungleYandexMobileAdsAdapters (7.3.2.1):
    - VungleAds (= 7.3.2)
    - YandexMobileAds (~> 7.1.1)
  - yandex_mobileads (7.1.0):
    - Flutter
    - YandexMobileAds (~> 7.1.0)
  - YandexMobileAds (7.1.1):
    - AppMetricaCore (< 6.0.0, >= 5.0.0)
    - AppMetricaCrashes (< 6.0.0, >= 5.0.0)
    - DivKit (= 30.2.0)
  - YandexMobileAdsMediation (7.1.1):
    - AppLovinYandexMobileAdsAdapters
    - BigoADSYandexMobileAdsAdapters
    - ChartboostYandexMobileAdsAdapters
    - GoogleYandexMobileAdsAdapters
    - InMobiYandexMobileAdsAdapters
    - IronSourceYandexMobileAdsAdapters
    - MintegralYandexMobileAdsAdapters
    - MyTargetYandexMobileAdsAdapters
    - StartAppYandexMobileAdsAdapters
    - UnityAdsYandexMobileAdsAdapters
    - VungleYandexMobileAdsAdapters
    - YandexMobileAds (= 7.1.1)

DEPENDENCIES:
  - appmetrica_plugin (from `.symlinks/plugins/appmetrica_plugin/ios`)
  - firebase_core (from `.symlinks/plugins/firebase_core/ios`)
  - firebase_messaging (from `.symlinks/plugins/firebase_messaging/ios`)
  - Flutter (from `Flutter`)
  - flutter_local_notifications (from `.symlinks/plugins/flutter_local_notifications/ios`)
  - package_info_plus (from `.symlinks/plugins/package_info_plus/ios`)
  - path_provider_foundation (from `.symlinks/plugins/path_provider_foundation/darwin`)
  - share_plus (from `.symlinks/plugins/share_plus/ios`)
  - shared_preferences_foundation (from `.symlinks/plugins/shared_preferences_foundation/darwin`)
  - sqlite3_flutter_libs (from `.symlinks/plugins/sqlite3_flutter_libs/ios`)
  - yandex_mobileads (from `.symlinks/plugins/yandex_mobileads/ios`)
  - YandexMobileAdsMediation (= 7.1.1)

SPEC REPOS:
  trunk:
    - AppLovinSDK
    - AppLovinYandexMobileAdsAdapters
    - AppMetricaAdSupport
    - AppMetricaAnalytics
    - AppMetricaCore
    - AppMetricaCoreExtension
    - AppMetricaCoreUtils
    - AppMetricaCrashes
    - AppMetricaEncodingUtils
    - AppMetricaFMDB
    - AppMetricaHostState
    - AppMetricaLog
    - AppMetricaNetwork
    - AppMetricaPlatform
    - AppMetricaProtobuf
    - AppMetricaProtobufUtils
    - AppMetricaStorageUtils
    - AppMetricaWebKit
    - BigoADS
    - BigoADSYandexMobileAdsAdapters
    - ChartboostSDK
    - ChartboostYandexMobileAdsAdapters
    - DivKit
    - DivKit_LayoutKit
    - DivKit_LayoutKitInterface
    - DivKit_Serialization
    - Firebase
    - FirebaseCore
    - FirebaseCoreInternal
    - FirebaseInstallations
    - FirebaseMessaging
    - Google-Mobile-Ads-SDK
    - GoogleDataTransport
    - GoogleUserMessagingPlatform
    - GoogleUtilities
    - GoogleYandexMobileAdsAdapters
    - InMobiSDK-Swift
    - InMobiYandexMobileAdsAdapters
    - IronSourceSDK
    - IronSourceYandexMobileAdsAdapters
    - KSCrash
    - MintegralAdSDK
    - MintegralYandexMobileAdsAdapters
    - myTargetSDK
    - MyTargetYandexMobileAdsAdapters
    - myTrackerSDK
    - nanopb
    - PromisesObjC
    - sqlite3
    - StartAppSDK
    - StartAppYandexMobileAdsAdapters
    - UnityAds
    - UnityAdsYandexMobileAdsAdapters
    - VGSL_Fundamentals
    - VGSL_Fundamentals_Tiny
    - VGSLBase
    - VGSLBaseTiny
    - VGSLBaseUI
    - VGSLCommonCore
    - VGSLNetworking
    - VungleAds
    - VungleYandexMobileAdsAdapters
    - YandexMobileAds
    - YandexMobileAdsMediation

EXTERNAL SOURCES:
  appmetrica_plugin:
    :path: ".symlinks/plugins/appmetrica_plugin/ios"
  firebase_core:
    :path: ".symlinks/plugins/firebase_core/ios"
  firebase_messaging:
    :path: ".symlinks/plugins/firebase_messaging/ios"
  Flutter:
    :path: Flutter
  flutter_local_notifications:
    :path: ".symlinks/plugins/flutter_local_notifications/ios"
  package_info_plus:
    :path: ".symlinks/plugins/package_info_plus/ios"
  path_provider_foundation:
    :path: ".symlinks/plugins/path_provider_foundation/darwin"
  share_plus:
    :path: ".symlinks/plugins/share_plus/ios"
  shared_preferences_foundation:
    :path: ".symlinks/plugins/shared_preferences_foundation/darwin"
  sqlite3_flutter_libs:
    :path: ".symlinks/plugins/sqlite3_flutter_libs/ios"
  yandex_mobileads:
    :path: ".symlinks/plugins/yandex_mobileads/ios"

SPEC CHECKSUMS:
  AppLovinSDK: 626d2aea57ae1bf9280d2012e8e20c521c58ce28
  AppLovinYandexMobileAdsAdapters: fdfb79285636ef0bf3c538805d0e3cee1f37570c
  appmetrica_plugin: 22d4d1eb9d070509fce428774b7f0d0686564010
  AppMetricaAdSupport: da744703342f003d7766dd03a5a070cca0a591c4
  AppMetricaAnalytics: 1778651a86e381827e8e663314ac8b99c5bcfb3f
  AppMetricaCore: 50968d9a5673bce38b7bcdd9a6fc85be1ea1b1ac
  AppMetricaCoreExtension: 594dc51a8986f539ea719d66e248d91e76d2502d
  AppMetricaCoreUtils: 05977363327e0fb6c2898ef827635399f840e14f
  AppMetricaCrashes: b3ed2de6df85577a488737aee0a8610eb8486c0f
  AppMetricaEncodingUtils: 5fd1f40e165cf0ec30ae01bba48ffcfaab2fcc2b
  AppMetricaFMDB: 230a58d091733aa61d1a0bd9c459ff230b2c4572
  AppMetricaHostState: 64392a6172c06fa0e5eff4232b49b0c5175c995f
  AppMetricaLog: 7781a25e26594ab2b291785670a6410f1968bfa8
  AppMetricaNetwork: 77b517922375ebe6cd0c0656967df6d7130040f8
  AppMetricaPlatform: 4b5ae79e46c9457a6ed6c129a6ae702f1694c532
  AppMetricaProtobuf: 17c8a9c35967580cea6f7215ca9abd6024f59477
  AppMetricaProtobufUtils: 658c8608b2edb5c7d90463df72a0a80e715bfcb6
  AppMetricaStorageUtils: 56a5345e7b82e7d778708b973fdcf0c657b49aca
  AppMetricaWebKit: b15a5c78fdeaca729a5b218509459d17d357b293
  BigoADS: dc47625e5eb8f83b651a75788973d04acd655d62
  BigoADSYandexMobileAdsAdapters: ca6c652aeb333f594123b66f6171c992530fd0e7
  ChartboostSDK: 0cd093c90a5a21c89783fe5be486e511fb2dbfc8
  ChartboostYandexMobileAdsAdapters: cc77948cd8f574217d3f1eb79c88fe28e956c21c
  DivKit: 5c03c0c81e854c65306dd695909aa90dbc572b6d
  DivKit_LayoutKit: de875092a505ff1b3b5d4301b0151adf8479a3a7
  DivKit_LayoutKitInterface: 292edf7193f77ab40672f608b1ed0ca87f5c9d50
  DivKit_Serialization: 442db283fdb39402e207c5bed0758a09feaa75d5
  Firebase: 98e6bf5278170668a7983e12971a66b2cd57fc8c
  firebase_core: 2bedc3136ec7c7b8561c6123ed0239387b53f2af
  firebase_messaging: 15d114e1a41fc31e4fbabcd48d765a19eec94a38
  FirebaseCore: a282032ae9295c795714ded2ec9c522fc237f8da
  FirebaseCoreInternal: ac26d09a70c730e497936430af4e60fb0c68ec4e
  FirebaseInstallations: 58cf94dabf1e2bb2fa87725a9be5c2249171cda0
  FirebaseMessaging: c9ec7b90c399c7a6100297e9d16f8a27fc7f7152
  Flutter: e0871f40cf51350855a761d2e70bf5af5b9b5de7
  flutter_local_notifications: 4cde75091f6327eb8517fa068a0a5950212d2086
  Google-Mobile-Ads-SDK: 301a16c461c331ba34ff4dab40a22ab7c147af61
  GoogleDataTransport: aae35b7ea0c09004c3797d53c8c41f66f219d6a7
  GoogleUserMessagingPlatform: 0c3a08353e53ce8c2feab7addd0b652cde522450
  GoogleUtilities: 26a3abef001b6533cf678d3eb38fd3f614b7872d
  GoogleYandexMobileAdsAdapters: 3fb3b76cb9e697156918d718e1cfb69d2e3e348d
  InMobiSDK-Swift: 8c38bbac13508c0e56a22682db8a530801d202bd
  InMobiYandexMobileAdsAdapters: 9e3325b1030ae8cc4d043c7ef62a9bd80a616d20
  IronSourceSDK: f4380fe08a2bfa1cd37c26948fcfd2585a0493a2
  IronSourceYandexMobileAdsAdapters: df2bf85f3a53793c2425da9eff5f31d4d6766531
  KSCrash: d45094d12f4c82bcec2f0574dbd5a34a5db788de
  MintegralAdSDK: 229e75c801be1302fb1aeac4249923234bfc480a
  MintegralYandexMobileAdsAdapters: a7bd0a7103dfb51efad1dcbfa269c1b45f41b10e
  myTargetSDK: 2fe5390b16d619b1a75eb9cc520bca463adb610e
  MyTargetYandexMobileAdsAdapters: f1fad26977bf7d434eda42479327dbc44e248f84
  myTrackerSDK: 91bd9556f25b34a39cd1bbf76af55fdabc01d3fa
  nanopb: fad817b59e0457d11a5dfbde799381cd727c1275
  package_info_plus: 58f0028419748fad15bf008b270aaa8e54380b1c
  path_provider_foundation: 2b6b4c569c0fb62ec74538f866245ac84301af46
  PromisesObjC: f5707f49cb48b9636751c5b2e7d227e43fba9f47
  share_plus: 8875f4f2500512ea181eef553c3e27dba5135aad
  shared_preferences_foundation: fcdcbc04712aee1108ac7fda236f363274528f78
  sqlite3: 0bb0e6389d824e40296f531b858a2a0b71c0d2fb
  sqlite3_flutter_libs: c00457ebd31e59fa6bb830380ddba24d44fbcd3b
  StartAppSDK: dacab2f76b584fa2c04c25b65fb7a84f394c7030
  StartAppYandexMobileAdsAdapters: d85e0fc75eb6e555748677dd03e74af8dd79e90d
  UnityAds: 4c2dbd3e82778b536b0bad23b640c16aae91dbb1
  UnityAdsYandexMobileAdsAdapters: 0e7081d834aaa4bf2a3a6fe984d57afe748569b1
  VGSL_Fundamentals: 4d880dbd63c6da3b04e5d9a882969d4f4d2648eb
  VGSL_Fundamentals_Tiny: 0e181e4c84b74190cb1e1f85b98dea6cb78eb994
  VGSLBase: 1f1a9d7180485ffedf8ee53074c321afbad002be
  VGSLBaseTiny: bf9f20a026fb1144e93aa78bf3fbaec35daed5a6
  VGSLBaseUI: 800b696bf41762a385a2849df93a94d71bf16b2d
  VGSLCommonCore: ea4898715094fae93591278c6c72a8c0269d1a6d
  VGSLNetworking: ef40c15438abfffe96680deac20cdd66327ffdd6
  VungleAds: 0d696ed96dd7d715a9432997356d59b2e3b58882
  VungleYandexMobileAdsAdapters: 2e474ca64c38f283d94710c5b483cb8e81136ebd
  yandex_mobileads: 815c6811dacb5001a0d5f619a8515bb12343a736
  YandexMobileAds: 62025e5c6e1be4611d14db2cc4f94034d218def3
  YandexMobileAdsMediation: a9749a859aafd19aaffdaf39d1769211213e6d4b

PODFILE CHECKSUM: bb3e94c9901cff90adccab45af032970e1189b0e

COCOAPODS: 1.15.2
