PODS:
  - Flutter (1.0.0)
  - realm (1.6.1):
    - Flutter

DEPENDENCIES:
  - Flutter (from `Flutter`)
  - realm (from `.symlinks/plugins/realm/ios`)

EXTERNAL SOURCES:
  Flutter:
    :path: Flutter
  realm:
    :path: ".symlinks/plugins/realm/ios"

SPEC CHECKSUMS:
  Flutter: e0871f40cf51350855a761d2e70bf5af5b9b5de7
  realm: 3c98c7d5e835ef693143c62a92cbb7ebbd6b5868

PODFILE CHECKSUM: 819463e6a0290f5a72f145ba7cde16e8b6ef0796

COCOAPODS: 1.14.3
